// !$*UTF8*$!
{
	archiveVersion = 1;
	classes = {
	};
	objectVersion = 56;
	objects = {

/* Begin PBXBuildFile section */
		10C56BF62C2F1882009A58B7 /* MobileRestaurantApp.swift in Sources */ = {isa = PBXBuildFile; fileRef = 10C56BF52C2F1882009A58B7 /* MobileRestaurantApp.swift */; };
		10C56BF82C2F1882009A58B7 /* MainView.swift in Sources */ = {isa = PBXBuildFile; fileRef = 10C56BF72C2F1882009A58B7 /* MainView.swift */; };
		10C56BFA2C2F1884009A58B7 /* Assets.xcassets in Resources */ = {isa = PBXBuildFile; fileRef = 10C56BF92C2F1884009A58B7 /* Assets.xcassets */; };
		10C56BFD2C2F1884009A58B7 /* Preview Assets.xcassets in Resources */ = {isa = PBXBuildFile; fileRef = 10C56BFC2C2F1884009A58B7 /* Preview Assets.xcassets */; };
		10C56C052C2F1C9E009A58B7 /* Product.swift in Sources */ = {isa = PBXBuildFile; fileRef = 10C56C042C2F1C9E009A58B7 /* Product.swift */; };
		10C56C0A2C2F1D80009A58B7 /* ClientMenuListView.swift in Sources */ = {isa = PBXBuildFile; fileRef = 10C56C092C2F1D80009A58B7 /* ClientMenuListView.swift */; };
		10C56C0F2C2F1E6A009A58B7 /* Coordinator.swift in Sources */ = {isa = PBXBuildFile; fileRef = 10C56C0E2C2F1E6A009A58B7 /* Coordinator.swift */; };
		10C56C112C2F2179009A58B7 /* Menu.swift in Sources */ = {isa = PBXBuildFile; fileRef = 10C56C102C2F2179009A58B7 /* Menu.swift */; };
		10C56C132C2F219A009A58B7 /* ProductCategory.swift in Sources */ = {isa = PBXBuildFile; fileRef = 10C56C122C2F219A009A58B7 /* ProductCategory.swift */; };
		10C56C152C2F24E1009A58B7 /* ProductUnit.swift in Sources */ = {isa = PBXBuildFile; fileRef = 10C56C142C2F24E1009A58B7 /* ProductUnit.swift */; };
		10C56C182C2F2AC5009A58B7 /* Order.swift in Sources */ = {isa = PBXBuildFile; fileRef = 10C56C172C2F2AC5009A58B7 /* Order.swift */; };
		10C56C1A2C2F2B11009A58B7 /* OrderItem.swift in Sources */ = {isa = PBXBuildFile; fileRef = 10C56C192C2F2B11009A58B7 /* OrderItem.swift */; };
		10C56C1C2C2F2B8E009A58B7 /* ClientOrderListView.swift in Sources */ = {isa = PBXBuildFile; fileRef = 10C56C1B2C2F2B8E009A58B7 /* ClientOrderListView.swift */; };
		10C56C1E2C2F2B9D009A58B7 /* ClientOrderListModel.swift in Sources */ = {isa = PBXBuildFile; fileRef = 10C56C1D2C2F2B9D009A58B7 /* ClientOrderListModel.swift */; };
		10C56C212C2F30AF009A58B7 /* BottomOrderView.swift in Sources */ = {isa = PBXBuildFile; fileRef = 10C56C202C2F30AF009A58B7 /* BottomOrderView.swift */; };
		10C56C232C2F30E2009A58B7 /* BottomOrderViewModel.swift in Sources */ = {isa = PBXBuildFile; fileRef = 10C56C222C2F30E2009A58B7 /* BottomOrderViewModel.swift */; };
		10C56C282C2F349D009A58B7 /* OrderView.swift in Sources */ = {isa = PBXBuildFile; fileRef = 10C56C272C2F349D009A58B7 /* OrderView.swift */; };
		10C56C2A2C2F34C1009A58B7 /* OrderViewModel.swift in Sources */ = {isa = PBXBuildFile; fileRef = 10C56C292C2F34C1009A58B7 /* OrderViewModel.swift */; };
		10C56C2E2C2F359A009A58B7 /* ProductListView.swift in Sources */ = {isa = PBXBuildFile; fileRef = 10C56C2D2C2F359A009A58B7 /* ProductListView.swift */; };
		10C56C312C2F3F3E009A58B7 /* OrderItemListView.swift in Sources */ = {isa = PBXBuildFile; fileRef = 10C56C302C2F3F3E009A58B7 /* OrderItemListView.swift */; };
		10C56C332C2F43D1009A58B7 /* OrderStatus.swift in Sources */ = {isa = PBXBuildFile; fileRef = 10C56C322C2F43D1009A58B7 /* OrderStatus.swift */; };
		10C56C352C2F48A3009A58B7 /* OrderPayStatus.swift in Sources */ = {isa = PBXBuildFile; fileRef = 10C56C342C2F48A3009A58B7 /* OrderPayStatus.swift */; };
		10C56C372C2F4932009A58B7 /* ClientOrderListPayView.swift in Sources */ = {isa = PBXBuildFile; fileRef = 10C56C362C2F4932009A58B7 /* ClientOrderListPayView.swift */; };
		10C56C3A2C2F4C94009A58B7 /* AccountView.swift in Sources */ = {isa = PBXBuildFile; fileRef = 10C56C392C2F4C94009A58B7 /* AccountView.swift */; };
		10C56C3C2C2F4CF3009A58B7 /* AccountViewModel.swift in Sources */ = {isa = PBXBuildFile; fileRef = 10C56C3B2C2F4CF3009A58B7 /* AccountViewModel.swift */; };
		10C56C402C2F4EFA009A58B7 /* AccountOrderListView.swift in Sources */ = {isa = PBXBuildFile; fileRef = 10C56C3F2C2F4EFA009A58B7 /* AccountOrderListView.swift */; };
		10C56C422C2F5145009A58B7 /* OrderAccountStatus.swift in Sources */ = {isa = PBXBuildFile; fileRef = 10C56C412C2F5145009A58B7 /* OrderAccountStatus.swift */; };
		10D82D952C2FCFC900A989CB /* Waiter.swift in Sources */ = {isa = PBXBuildFile; fileRef = 10D82D942C2FCFC900A989CB /* Waiter.swift */; };
		10D82D9A2C2FD3C700A989CB /* ClientMenuOrderModel.swift in Sources */ = {isa = PBXBuildFile; fileRef = 10D82D992C2FD3C700A989CB /* ClientMenuOrderModel.swift */; };
		10D82D9C2C2FD5DE00A989CB /* Desk.swift in Sources */ = {isa = PBXBuildFile; fileRef = 10D82D9B2C2FD5DE00A989CB /* Desk.swift */; };
		10D82D9F2C2FD89600A989CB /* DeskListView.swift in Sources */ = {isa = PBXBuildFile; fileRef = 10D82D9E2C2FD89600A989CB /* DeskListView.swift */; };
		10D82DA32C2FDDA100A989CB /* DeskCircleView.swift in Sources */ = {isa = PBXBuildFile; fileRef = 10D82DA22C2FDDA100A989CB /* DeskCircleView.swift */; };
		10D82DA82C2FDF7A00A989CB /* CreateOrderView.swift in Sources */ = {isa = PBXBuildFile; fileRef = 10D82DA72C2FDF7A00A989CB /* CreateOrderView.swift */; };
		10D82DAD2C2FE98E00A989CB /* Storage.swift in Sources */ = {isa = PBXBuildFile; fileRef = 10D82DAC2C2FE98E00A989CB /* Storage.swift */; };
		10D82DB32C2FF20200A989CB /* NextButtonView.swift in Sources */ = {isa = PBXBuildFile; fileRef = 10D82DB22C2FF20200A989CB /* NextButtonView.swift */; };
		10D82DB52C2FF59800A989CB /* ConfirmCreateOrderView.swift in Sources */ = {isa = PBXBuildFile; fileRef = 10D82DB42C2FF59800A989CB /* ConfirmCreateOrderView.swift */; };
		10D82DB72C2FF6DB00A989CB /* BottomActionView.swift in Sources */ = {isa = PBXBuildFile; fileRef = 10D82DB62C2FF6DB00A989CB /* BottomActionView.swift */; };
		10D82DBE2C2FFD3000A989CB /* WaiterTableListView.swift in Sources */ = {isa = PBXBuildFile; fileRef = 10D82DBD2C2FFD3000A989CB /* WaiterTableListView.swift */; };
		10D82DC22C2FFDE700A989CB /* ClientOrderDetailView.swift in Sources */ = {isa = PBXBuildFile; fileRef = 10D82DC12C2FFDE700A989CB /* ClientOrderDetailView.swift */; };
		10D82DC42C2FFDEE00A989CB /* ClientOrderDetailModel.swift in Sources */ = {isa = PBXBuildFile; fileRef = 10D82DC32C2FFDEE00A989CB /* ClientOrderDetailModel.swift */; };
		10D82DC62C2FFEE200A989CB /* ClientOrderListRow.swift in Sources */ = {isa = PBXBuildFile; fileRef = 10D82DC52C2FFEE200A989CB /* ClientOrderListRow.swift */; };
		10D82DC82C2FFF3300A989CB /* OrderStatusView.swift in Sources */ = {isa = PBXBuildFile; fileRef = 10D82DC72C2FFF3300A989CB /* OrderStatusView.swift */; };
		10D82DCC2C30033E00A989CB /* CreateOrderModel.swift in Sources */ = {isa = PBXBuildFile; fileRef = 10D82DCB2C30033E00A989CB /* CreateOrderModel.swift */; };
		10D82DCE2C30075A00A989CB /* OrderType.swift in Sources */ = {isa = PBXBuildFile; fileRef = 10D82DCD2C30075A00A989CB /* OrderType.swift */; };
		10D82DD02C30108900A989CB /* CreateOrderPayView.swift in Sources */ = {isa = PBXBuildFile; fileRef = 10D82DCF2C30108900A989CB /* CreateOrderPayView.swift */; };
		10D82DD22C3010A800A989CB /* OrderPayType.swift in Sources */ = {isa = PBXBuildFile; fileRef = 10D82DD12C3010A800A989CB /* OrderPayType.swift */; };
		10D82DD52C3015DC00A989CB /* Notifications.swift in Sources */ = {isa = PBXBuildFile; fileRef = 10D82DD42C3015DC00A989CB /* Notifications.swift */; };
		10D82DD82C30171200A989CB /* Launch Screen.storyboard in Resources */ = {isa = PBXBuildFile; fileRef = 10D82DD72C30171200A989CB /* Launch Screen.storyboard */; };
		10D82DDA2C301E1000A989CB /* Shift.swift in Sources */ = {isa = PBXBuildFile; fileRef = 10D82DD92C301E1000A989CB /* Shift.swift */; };
		10D82DDD2C301F0A00A989CB /* ShiftListView.swift in Sources */ = {isa = PBXBuildFile; fileRef = 10D82DDC2C301F0A00A989CB /* ShiftListView.swift */; };
		10D82DDF2C301F2100A989CB /* ShiftListViewModel.swift in Sources */ = {isa = PBXBuildFile; fileRef = 10D82DDE2C301F2100A989CB /* ShiftListViewModel.swift */; };
		10D82DE12C30228E00A989CB /* CurrentShiftModel.swift in Sources */ = {isa = PBXBuildFile; fileRef = 10D82DE02C30228E00A989CB /* CurrentShiftModel.swift */; };
		10D82DE32C30244400A989CB /* ShiftDetailView.swift in Sources */ = {isa = PBXBuildFile; fileRef = 10D82DE22C30244400A989CB /* ShiftDetailView.swift */; };
		10D82DE92C3025E900A989CB /* AppDelegate.swift in Sources */ = {isa = PBXBuildFile; fileRef = 10D82DE82C3025E900A989CB /* AppDelegate.swift */; };
		10D82DEB2C30269700A989CB /* DeskListModel.swift in Sources */ = {isa = PBXBuildFile; fileRef = 10D82DEA2C30269700A989CB /* DeskListModel.swift */; };
		10D82DED2C302CC000A989CB /* ShiftDetailViewModel.swift in Sources */ = {isa = PBXBuildFile; fileRef = 10D82DEC2C302CC000A989CB /* ShiftDetailViewModel.swift */; };
		10D82DF02C3037FE00A989CB /* WaiterDetailView.swift in Sources */ = {isa = PBXBuildFile; fileRef = 10D82DEF2C3037FE00A989CB /* WaiterDetailView.swift */; };
		10D82DF22C30380900A989CB /* WaiterDetailViewModel.swift in Sources */ = {isa = PBXBuildFile; fileRef = 10D82DF12C30380900A989CB /* WaiterDetailViewModel.swift */; };
		10D82DF52C303C9300A989CB /* WaiterOrderListView.swift in Sources */ = {isa = PBXBuildFile; fileRef = 10D82DF42C303C9300A989CB /* WaiterOrderListView.swift */; };
		10D82DF72C303D2900A989CB /* WaiterOrderListModel.swift in Sources */ = {isa = PBXBuildFile; fileRef = 10D82DF62C303D2900A989CB /* WaiterOrderListModel.swift */; };
		10D82DF92C303E0300A989CB /* WaiterOrderListRow.swift in Sources */ = {isa = PBXBuildFile; fileRef = 10D82DF82C303E0300A989CB /* WaiterOrderListRow.swift */; };
		10D82DFC2C30401A00A989CB /* WaiterOrderDetailView.swift in Sources */ = {isa = PBXBuildFile; fileRef = 10D82DFB2C30401A00A989CB /* WaiterOrderDetailView.swift */; };
		10D82DFE2C30403D00A989CB /* WaiterOrderDetailModel.swift in Sources */ = {isa = PBXBuildFile; fileRef = 10D82DFD2C30403D00A989CB /* WaiterOrderDetailModel.swift */; };
		10D82E012C30424600A989CB /* OrderStatusListView.swift in Sources */ = {isa = PBXBuildFile; fileRef = 10D82E002C30424600A989CB /* OrderStatusListView.swift */; };
		10D82E042C304A4D00A989CB /* AdminDeskListView.swift in Sources */ = {isa = PBXBuildFile; fileRef = 10D82E032C304A4D00A989CB /* AdminDeskListView.swift */; };
		10D82E062C304AD300A989CB /* AdminDeskListModel.swift in Sources */ = {isa = PBXBuildFile; fileRef = 10D82E052C304AD300A989CB /* AdminDeskListModel.swift */; };
/* End PBXBuildFile section */

/* Begin PBXFileReference section */
		10C56BF22C2F1882009A58B7 /* MobileRestaurant.app */ = {isa = PBXFileReference; explicitFileType = wrapper.application; includeInIndex = 0; path = MobileRestaurant.app; sourceTree = BUILT_PRODUCTS_DIR; };
		10C56BF52C2F1882009A58B7 /* MobileRestaurantApp.swift */ = {isa = PBXFileReference; lastKnownFileType = sourcecode.swift; path = MobileRestaurantApp.swift; sourceTree = "<group>"; };
		10C56BF72C2F1882009A58B7 /* MainView.swift */ = {isa = PBXFileReference; lastKnownFileType = sourcecode.swift; path = MainView.swift; sourceTree = "<group>"; };
		10C56BF92C2F1884009A58B7 /* Assets.xcassets */ = {isa = PBXFileReference; lastKnownFileType = folder.assetcatalog; path = Assets.xcassets; sourceTree = "<group>"; };
		10C56BFC2C2F1884009A58B7 /* Preview Assets.xcassets */ = {isa = PBXFileReference; lastKnownFileType = folder.assetcatalog; path = "Preview Assets.xcassets"; sourceTree = "<group>"; };
		10C56C042C2F1C9E009A58B7 /* Product.swift */ = {isa = PBXFileReference; lastKnownFileType = sourcecode.swift; path = Product.swift; sourceTree = "<group>"; };
		10C56C092C2F1D80009A58B7 /* ClientMenuListView.swift */ = {isa = PBXFileReference; lastKnownFileType = sourcecode.swift; path = ClientMenuListView.swift; sourceTree = "<group>"; };
		10C56C0E2C2F1E6A009A58B7 /* Coordinator.swift */ = {isa = PBXFileReference; lastKnownFileType = sourcecode.swift; path = Coordinator.swift; sourceTree = "<group>"; };
		10C56C102C2F2179009A58B7 /* Menu.swift */ = {isa = PBXFileReference; lastKnownFileType = sourcecode.swift; path = Menu.swift; sourceTree = "<group>"; };
		10C56C122C2F219A009A58B7 /* ProductCategory.swift */ = {isa = PBXFileReference; lastKnownFileType = sourcecode.swift; path = ProductCategory.swift; sourceTree = "<group>"; };
		10C56C142C2F24E1009A58B7 /* ProductUnit.swift */ = {isa = PBXFileReference; lastKnownFileType = sourcecode.swift; path = ProductUnit.swift; sourceTree = "<group>"; };
		10C56C172C2F2AC5009A58B7 /* Order.swift */ = {isa = PBXFileReference; lastKnownFileType = sourcecode.swift; path = Order.swift; sourceTree = "<group>"; };
		10C56C192C2F2B11009A58B7 /* OrderItem.swift */ = {isa = PBXFileReference; lastKnownFileType = sourcecode.swift; path = OrderItem.swift; sourceTree = "<group>"; };
		10C56C1B2C2F2B8E009A58B7 /* ClientOrderListView.swift */ = {isa = PBXFileReference; lastKnownFileType = sourcecode.swift; path = ClientOrderListView.swift; sourceTree = "<group>"; };
		10C56C1D2C2F2B9D009A58B7 /* ClientOrderListModel.swift */ = {isa = PBXFileReference; lastKnownFileType = sourcecode.swift; path = ClientOrderListModel.swift; sourceTree = "<group>"; };
		10C56C202C2F30AF009A58B7 /* BottomOrderView.swift */ = {isa = PBXFileReference; lastKnownFileType = sourcecode.swift; path = BottomOrderView.swift; sourceTree = "<group>"; };
		10C56C222C2F30E2009A58B7 /* BottomOrderViewModel.swift */ = {isa = PBXFileReference; lastKnownFileType = sourcecode.swift; path = BottomOrderViewModel.swift; sourceTree = "<group>"; };
		10C56C272C2F349D009A58B7 /* OrderView.swift */ = {isa = PBXFileReference; lastKnownFileType = sourcecode.swift; path = OrderView.swift; sourceTree = "<group>"; };
		10C56C292C2F34C1009A58B7 /* OrderViewModel.swift */ = {isa = PBXFileReference; lastKnownFileType = sourcecode.swift; path = OrderViewModel.swift; sourceTree = "<group>"; };
		10C56C2D2C2F359A009A58B7 /* ProductListView.swift */ = {isa = PBXFileReference; lastKnownFileType = sourcecode.swift; path = ProductListView.swift; sourceTree = "<group>"; };
		10C56C302C2F3F3E009A58B7 /* OrderItemListView.swift */ = {isa = PBXFileReference; lastKnownFileType = sourcecode.swift; path = OrderItemListView.swift; sourceTree = "<group>"; };
		10C56C322C2F43D1009A58B7 /* OrderStatus.swift */ = {isa = PBXFileReference; lastKnownFileType = sourcecode.swift; path = OrderStatus.swift; sourceTree = "<group>"; };
		10C56C342C2F48A3009A58B7 /* OrderPayStatus.swift */ = {isa = PBXFileReference; lastKnownFileType = sourcecode.swift; path = OrderPayStatus.swift; sourceTree = "<group>"; };
		10C56C362C2F4932009A58B7 /* ClientOrderListPayView.swift */ = {isa = PBXFileReference; lastKnownFileType = sourcecode.swift; path = ClientOrderListPayView.swift; sourceTree = "<group>"; };
		10C56C392C2F4C94009A58B7 /* AccountView.swift */ = {isa = PBXFileReference; lastKnownFileType = sourcecode.swift; path = AccountView.swift; sourceTree = "<group>"; };
		10C56C3B2C2F4CF3009A58B7 /* AccountViewModel.swift */ = {isa = PBXFileReference; lastKnownFileType = sourcecode.swift; path = AccountViewModel.swift; sourceTree = "<group>"; };
		10C56C3F2C2F4EFA009A58B7 /* AccountOrderListView.swift */ = {isa = PBXFileReference; lastKnownFileType = sourcecode.swift; path = AccountOrderListView.swift; sourceTree = "<group>"; };
		10C56C412C2F5145009A58B7 /* OrderAccountStatus.swift */ = {isa = PBXFileReference; lastKnownFileType = sourcecode.swift; path = OrderAccountStatus.swift; sourceTree = "<group>"; };
		10D82D942C2FCFC900A989CB /* Waiter.swift */ = {isa = PBXFileReference; lastKnownFileType = sourcecode.swift; path = Waiter.swift; sourceTree = "<group>"; };
		10D82D992C2FD3C700A989CB /* ClientMenuOrderModel.swift */ = {isa = PBXFileReference; lastKnownFileType = sourcecode.swift; path = ClientMenuOrderModel.swift; sourceTree = "<group>"; };
		10D82D9B2C2FD5DE00A989CB /* Desk.swift */ = {isa = PBXFileReference; lastKnownFileType = sourcecode.swift; path = Desk.swift; sourceTree = "<group>"; };
		10D82D9E2C2FD89600A989CB /* DeskListView.swift */ = {isa = PBXFileReference; lastKnownFileType = sourcecode.swift; path = DeskListView.swift; sourceTree = "<group>"; };
		10D82DA22C2FDDA100A989CB /* DeskCircleView.swift */ = {isa = PBXFileReference; lastKnownFileType = sourcecode.swift; path = DeskCircleView.swift; sourceTree = "<group>"; };
		10D82DA72C2FDF7A00A989CB /* CreateOrderView.swift */ = {isa = PBXFileReference; lastKnownFileType = sourcecode.swift; path = CreateOrderView.swift; sourceTree = "<group>"; };
		10D82DAC2C2FE98E00A989CB /* Storage.swift */ = {isa = PBXFileReference; lastKnownFileType = sourcecode.swift; path = Storage.swift; sourceTree = "<group>"; };
		10D82DB22C2FF20200A989CB /* NextButtonView.swift */ = {isa = PBXFileReference; lastKnownFileType = sourcecode.swift; path = NextButtonView.swift; sourceTree = "<group>"; };
		10D82DB42C2FF59800A989CB /* ConfirmCreateOrderView.swift */ = {isa = PBXFileReference; lastKnownFileType = sourcecode.swift; path = ConfirmCreateOrderView.swift; sourceTree = "<group>"; };
		10D82DB62C2FF6DB00A989CB /* BottomActionView.swift */ = {isa = PBXFileReference; lastKnownFileType = sourcecode.swift; path = BottomActionView.swift; sourceTree = "<group>"; };
		10D82DBD2C2FFD3000A989CB /* WaiterTableListView.swift */ = {isa = PBXFileReference; lastKnownFileType = sourcecode.swift; path = WaiterTableListView.swift; sourceTree = "<group>"; };
		10D82DC12C2FFDE700A989CB /* ClientOrderDetailView.swift */ = {isa = PBXFileReference; lastKnownFileType = sourcecode.swift; path = ClientOrderDetailView.swift; sourceTree = "<group>"; };
		10D82DC32C2FFDEE00A989CB /* ClientOrderDetailModel.swift */ = {isa = PBXFileReference; lastKnownFileType = sourcecode.swift; path = ClientOrderDetailModel.swift; sourceTree = "<group>"; };
		10D82DC52C2FFEE200A989CB /* ClientOrderListRow.swift */ = {isa = PBXFileReference; lastKnownFileType = sourcecode.swift; path = ClientOrderListRow.swift; sourceTree = "<group>"; };
		10D82DC72C2FFF3300A989CB /* OrderStatusView.swift */ = {isa = PBXFileReference; lastKnownFileType = sourcecode.swift; path = OrderStatusView.swift; sourceTree = "<group>"; };
		10D82DCB2C30033E00A989CB /* CreateOrderModel.swift */ = {isa = PBXFileReference; fileEncoding = 4; lastKnownFileType = sourcecode.swift; path = CreateOrderModel.swift; sourceTree = "<group>"; };
		10D82DCD2C30075A00A989CB /* OrderType.swift */ = {isa = PBXFileReference; lastKnownFileType = sourcecode.swift; path = OrderType.swift; sourceTree = "<group>"; };
		10D82DCF2C30108900A989CB /* CreateOrderPayView.swift */ = {isa = PBXFileReference; lastKnownFileType = sourcecode.swift; path = CreateOrderPayView.swift; sourceTree = "<group>"; };
		10D82DD12C3010A800A989CB /* OrderPayType.swift */ = {isa = PBXFileReference; lastKnownFileType = sourcecode.swift; path = OrderPayType.swift; sourceTree = "<group>"; };
		10D82DD42C3015DC00A989CB /* Notifications.swift */ = {isa = PBXFileReference; lastKnownFileType = sourcecode.swift; path = Notifications.swift; sourceTree = "<group>"; };
		10D82DD72C30171200A989CB /* Launch Screen.storyboard */ = {isa = PBXFileReference; lastKnownFileType = file.storyboard; path = "Launch Screen.storyboard"; sourceTree = "<group>"; };
		10D82DD92C301E1000A989CB /* Shift.swift */ = {isa = PBXFileReference; lastKnownFileType = sourcecode.swift; path = Shift.swift; sourceTree = "<group>"; };
		10D82DDC2C301F0A00A989CB /* ShiftListView.swift */ = {isa = PBXFileReference; lastKnownFileType = sourcecode.swift; path = ShiftListView.swift; sourceTree = "<group>"; };
		10D82DDE2C301F2100A989CB /* ShiftListViewModel.swift */ = {isa = PBXFileReference; lastKnownFileType = sourcecode.swift; path = ShiftListViewModel.swift; sourceTree = "<group>"; };
		10D82DE02C30228E00A989CB /* CurrentShiftModel.swift */ = {isa = PBXFileReference; lastKnownFileType = sourcecode.swift; path = CurrentShiftModel.swift; sourceTree = "<group>"; };
		10D82DE22C30244400A989CB /* ShiftDetailView.swift */ = {isa = PBXFileReference; lastKnownFileType = sourcecode.swift; path = ShiftDetailView.swift; sourceTree = "<group>"; };
		10D82DE82C3025E900A989CB /* AppDelegate.swift */ = {isa = PBXFileReference; lastKnownFileType = sourcecode.swift; path = AppDelegate.swift; sourceTree = "<group>"; };
		10D82DEA2C30269700A989CB /* DeskListModel.swift */ = {isa = PBXFileReference; lastKnownFileType = sourcecode.swift; path = DeskListModel.swift; sourceTree = "<group>"; };
		10D82DEC2C302CC000A989CB /* ShiftDetailViewModel.swift */ = {isa = PBXFileReference; fileEncoding = 4; lastKnownFileType = sourcecode.swift; path = ShiftDetailViewModel.swift; sourceTree = "<group>"; };
		10D82DEF2C3037FE00A989CB /* WaiterDetailView.swift */ = {isa = PBXFileReference; lastKnownFileType = sourcecode.swift; path = WaiterDetailView.swift; sourceTree = "<group>"; };
		10D82DF12C30380900A989CB /* WaiterDetailViewModel.swift */ = {isa = PBXFileReference; lastKnownFileType = sourcecode.swift; path = WaiterDetailViewModel.swift; sourceTree = "<group>"; };
		10D82DF42C303C9300A989CB /* WaiterOrderListView.swift */ = {isa = PBXFileReference; lastKnownFileType = sourcecode.swift; path = WaiterOrderListView.swift; sourceTree = "<group>"; };
		10D82DF62C303D2900A989CB /* WaiterOrderListModel.swift */ = {isa = PBXFileReference; lastKnownFileType = sourcecode.swift; path = WaiterOrderListModel.swift; sourceTree = "<group>"; };
		10D82DF82C303E0300A989CB /* WaiterOrderListRow.swift */ = {isa = PBXFileReference; lastKnownFileType = sourcecode.swift; path = WaiterOrderListRow.swift; sourceTree = "<group>"; };
		10D82DFB2C30401A00A989CB /* WaiterOrderDetailView.swift */ = {isa = PBXFileReference; lastKnownFileType = sourcecode.swift; path = WaiterOrderDetailView.swift; sourceTree = "<group>"; };
		10D82DFD2C30403D00A989CB /* WaiterOrderDetailModel.swift */ = {isa = PBXFileReference; lastKnownFileType = sourcecode.swift; path = WaiterOrderDetailModel.swift; sourceTree = "<group>"; };
		10D82E002C30424600A989CB /* OrderStatusListView.swift */ = {isa = PBXFileReference; lastKnownFileType = sourcecode.swift; path = OrderStatusListView.swift; sourceTree = "<group>"; };
		10D82E032C304A4D00A989CB /* AdminDeskListView.swift */ = {isa = PBXFileReference; lastKnownFileType = sourcecode.swift; path = AdminDeskListView.swift; sourceTree = "<group>"; };
		10D82E052C304AD300A989CB /* AdminDeskListModel.swift */ = {isa = PBXFileReference; lastKnownFileType = sourcecode.swift; path = AdminDeskListModel.swift; sourceTree = "<group>"; };
/* End PBXFileReference section */

/* Begin PBXFrameworksBuildPhase section */
		10C56BEF2C2F1882009A58B7 /* Frameworks */ = {
			isa = PBXFrameworksBuildPhase;
			buildActionMask = 2147483647;
			files = (
			);
			runOnlyForDeploymentPostprocessing = 0;
		};
/* End PBXFrameworksBuildPhase section */

/* Begin PBXGroup section */
		10C56BE92C2F1882009A58B7 = {
			isa = PBXGroup;
			children = (
				10C56BF42C2F1882009A58B7 /* MobileRestaurant */,
				10C56BF32C2F1882009A58B7 /* Products */,
			);
			sourceTree = "<group>";
		};
		10C56BF32C2F1882009A58B7 /* Products */ = {
			isa = PBXGroup;
			children = (
				10C56BF22C2F1882009A58B7 /* MobileRestaurant.app */,
			);
			name = Products;
			sourceTree = "<group>";
		};
		10C56BF42C2F1882009A58B7 /* MobileRestaurant */ = {
			isa = PBXGroup;
			children = (
				10D82DD32C3015C800A989CB /* Notifications */,
				10C56BF52C2F1882009A58B7 /* MobileRestaurantApp.swift */,
				10C56C0E2C2F1E6A009A58B7 /* Coordinator.swift */,
				10D82D962C2FD22300A989CB /* ViewModel */,
				10C56C082C2F1D3F009A58B7 /* Views */,
				10C56C032C2F1C83009A58B7 /* Model */,
				10D82DAB2C2FE98000A989CB /* Storage */,
				10D82DD62C30170100A989CB /* Supporting Files */,
				10C56BFB2C2F1884009A58B7 /* Preview Content */,
			);
			path = MobileRestaurant;
			sourceTree = "<group>";
		};
		10C56BFB2C2F1884009A58B7 /* Preview Content */ = {
			isa = PBXGroup;
			children = (
				10C56BFC2C2F1884009A58B7 /* Preview Assets.xcassets */,
			);
			path = "Preview Content";
			sourceTree = "<group>";
		};
		10C56C032C2F1C83009A58B7 /* Model */ = {
			isa = PBXGroup;
			children = (
				10C56C042C2F1C9E009A58B7 /* Product.swift */,
				10C56C142C2F24E1009A58B7 /* ProductUnit.swift */,
				10C56C122C2F219A009A58B7 /* ProductCategory.swift */,
				10C56C102C2F2179009A58B7 /* Menu.swift */,
				10C56C172C2F2AC5009A58B7 /* Order.swift */,
				10C56C192C2F2B11009A58B7 /* OrderItem.swift */,
				10C56C322C2F43D1009A58B7 /* OrderStatus.swift */,
				10C56C342C2F48A3009A58B7 /* OrderPayStatus.swift */,
				10C56C412C2F5145009A58B7 /* OrderAccountStatus.swift */,
				10D82D942C2FCFC900A989CB /* Waiter.swift */,
				10D82DCD2C30075A00A989CB /* OrderType.swift */,
				10D82DD12C3010A800A989CB /* OrderPayType.swift */,
				10D82DD92C301E1000A989CB /* Shift.swift */,
				10D82D9B2C2FD5DE00A989CB /* Desk.swift */,
			);
			path = Model;
			sourceTree = "<group>";
		};
		10C56C082C2F1D3F009A58B7 /* Views */ = {
			isa = PBXGroup;
			children = (
				10D82E022C304A3900A989CB /* AdminDeskListView */,
				10D82DFF2C30423500A989CB /* OrderStatusListView */,
				10D82DDB2C301EFE00A989CB /* Shift */,
				10D82DBB2C2FFD0B00A989CB /* CommonView */,
				10D82DB92C2FFCEE00A989CB /* Client */,
				10D82DBA2C2FFCF800A989CB /* Waiter */,
				10D82DBC2C2FFD1D00A989CB /* Account */,
				10C56C2B2C2F3584009A58B7 /* Product */,
				10C56C242C2F344F009A58B7 /* Order */,
				10D82D9D2C2FD88100A989CB /* DeskListView */,
			);
			path = Views;
			sourceTree = "<group>";
		};
		10C56C0B2C2F1DA6009A58B7 /* MenuListView */ = {
			isa = PBXGroup;
			children = (
				10C56C092C2F1D80009A58B7 /* ClientMenuListView.swift */,
			);
			path = MenuListView;
			sourceTree = "<group>";
		};
		10C56C162C2F2AAA009A58B7 /* ClientOrderListView */ = {
			isa = PBXGroup;
			children = (
				10C56C1D2C2F2B9D009A58B7 /* ClientOrderListModel.swift */,
				10C56C1B2C2F2B8E009A58B7 /* ClientOrderListView.swift */,
				10D82DC52C2FFEE200A989CB /* ClientOrderListRow.swift */,
				10C56C362C2F4932009A58B7 /* ClientOrderListPayView.swift */,
			);
			path = ClientOrderListView;
			sourceTree = "<group>";
		};
		10C56C1F2C2F3096009A58B7 /* BottomOrderView */ = {
			isa = PBXGroup;
			children = (
				10C56C222C2F30E2009A58B7 /* BottomOrderViewModel.swift */,
				10C56C202C2F30AF009A58B7 /* BottomOrderView.swift */,
			);
			path = BottomOrderView;
			sourceTree = "<group>";
		};
		10C56C242C2F344F009A58B7 /* Order */ = {
			isa = PBXGroup;
			children = (
				10C56C2F2C2F3F31009A58B7 /* OrderItemListView */,
				10C56C262C2F3465009A58B7 /* OrderView */,
				10C56C1F2C2F3096009A58B7 /* BottomOrderView */,
			);
			path = Order;
			sourceTree = "<group>";
		};
		10C56C262C2F3465009A58B7 /* OrderView */ = {
			isa = PBXGroup;
			children = (
				10C56C292C2F34C1009A58B7 /* OrderViewModel.swift */,
				10C56C272C2F349D009A58B7 /* OrderView.swift */,
			);
			path = OrderView;
			sourceTree = "<group>";
		};
		10C56C2B2C2F3584009A58B7 /* Product */ = {
			isa = PBXGroup;
			children = (
				10C56C2C2C2F358D009A58B7 /* ProductListView */,
			);
			path = Product;
			sourceTree = "<group>";
		};
		10C56C2C2C2F358D009A58B7 /* ProductListView */ = {
			isa = PBXGroup;
			children = (
				10C56C2D2C2F359A009A58B7 /* ProductListView.swift */,
			);
			path = ProductListView;
			sourceTree = "<group>";
		};
		10C56C2F2C2F3F31009A58B7 /* OrderItemListView */ = {
			isa = PBXGroup;
			children = (
				10C56C302C2F3F3E009A58B7 /* OrderItemListView.swift */,
			);
			path = OrderItemListView;
			sourceTree = "<group>";
		};
		10C56C382C2F4C7F009A58B7 /* AccountView */ = {
			isa = PBXGroup;
			children = (
				10C56C3B2C2F4CF3009A58B7 /* AccountViewModel.swift */,
				10C56C392C2F4C94009A58B7 /* AccountView.swift */,
				10C56C3F2C2F4EFA009A58B7 /* AccountOrderListView.swift */,
			);
			path = AccountView;
			sourceTree = "<group>";
		};
		10D82D962C2FD22300A989CB /* ViewModel */ = {
			isa = PBXGroup;
			children = (
				10D82D992C2FD3C700A989CB /* ClientMenuOrderModel.swift */,
				10D82DE02C30228E00A989CB /* CurrentShiftModel.swift */,
				10D82DEA2C30269700A989CB /* DeskListModel.swift */,
			);
			path = ViewModel;
			sourceTree = "<group>";
		};
		10D82D9D2C2FD88100A989CB /* DeskListView */ = {
			isa = PBXGroup;
			children = (
				10D82D9E2C2FD89600A989CB /* DeskListView.swift */,
				10D82DA22C2FDDA100A989CB /* DeskCircleView.swift */,
			);
			path = DeskListView;
			sourceTree = "<group>";
		};
		10D82DA42C2FDF1000A989CB /* CreateOrderView */ = {
			isa = PBXGroup;
			children = (
				10D82DCB2C30033E00A989CB /* CreateOrderModel.swift */,
				10D82DA72C2FDF7A00A989CB /* CreateOrderView.swift */,
				10D82DCF2C30108900A989CB /* CreateOrderPayView.swift */,
				10D82DB42C2FF59800A989CB /* ConfirmCreateOrderView.swift */,
			);
			path = CreateOrderView;
			sourceTree = "<group>";
		};
		10D82DAB2C2FE98000A989CB /* Storage */ = {
			isa = PBXGroup;
			children = (
				10D82DAC2C2FE98E00A989CB /* Storage.swift */,
			);
			path = Storage;
			sourceTree = "<group>";
		};
		10D82DB82C2FFCDD00A989CB /* WaiterTableListView */ = {
			isa = PBXGroup;
			children = (
				10D82DBD2C2FFD3000A989CB /* WaiterTableListView.swift */,
			);
			path = WaiterTableListView;
			sourceTree = "<group>";
		};
		10D82DB92C2FFCEE00A989CB /* Client */ = {
			isa = PBXGroup;
			children = (
				10D82DC02C2FFDE100A989CB /* ClientOrderDetailView */,
				10C56C162C2F2AAA009A58B7 /* ClientOrderListView */,
				10D82DA42C2FDF1000A989CB /* CreateOrderView */,
				10C56C0B2C2F1DA6009A58B7 /* MenuListView */,
			);
			path = Client;
			sourceTree = "<group>";
		};
		10D82DBA2C2FFCF800A989CB /* Waiter */ = {
			isa = PBXGroup;
			children = (
				10D82DFA2C30400D00A989CB /* WaiterOrderDetailView */,
				10D82DF32C303C8400A989CB /* WiaterOrderListView */,
				10D82DEE2C3037EA00A989CB /* WaiterDetailView */,
				10D82DB82C2FFCDD00A989CB /* WaiterTableListView */,
			);
			path = Waiter;
			sourceTree = "<group>";
		};
		10D82DBB2C2FFD0B00A989CB /* CommonView */ = {
			isa = PBXGroup;
			children = (
				10C56BF72C2F1882009A58B7 /* MainView.swift */,
				10D82DB22C2FF20200A989CB /* NextButtonView.swift */,
				10D82DB62C2FF6DB00A989CB /* BottomActionView.swift */,
				10D82DC72C2FFF3300A989CB /* OrderStatusView.swift */,
			);
			path = CommonView;
			sourceTree = "<group>";
		};
		10D82DBC2C2FFD1D00A989CB /* Account */ = {
			isa = PBXGroup;
			children = (
				10C56C382C2F4C7F009A58B7 /* AccountView */,
			);
			path = Account;
			sourceTree = "<group>";
		};
		10D82DC02C2FFDE100A989CB /* ClientOrderDetailView */ = {
			isa = PBXGroup;
			children = (
				10D82DC32C2FFDEE00A989CB /* ClientOrderDetailModel.swift */,
				10D82DC12C2FFDE700A989CB /* ClientOrderDetailView.swift */,
			);
			path = ClientOrderDetailView;
			sourceTree = "<group>";
		};
		10D82DD32C3015C800A989CB /* Notifications */ = {
			isa = PBXGroup;
			children = (
				10D82DD42C3015DC00A989CB /* Notifications.swift */,
			);
			path = Notifications;
			sourceTree = "<group>";
		};
		10D82DD62C30170100A989CB /* Supporting Files */ = {
			isa = PBXGroup;
			children = (
				10C56BF92C2F1884009A58B7 /* Assets.xcassets */,
				10D82DD72C30171200A989CB /* Launch Screen.storyboard */,
				10D82DE82C3025E900A989CB /* AppDelegate.swift */,
			);
			path = "Supporting Files";
			sourceTree = "<group>";
		};
		10D82DDB2C301EFE00A989CB /* Shift */ = {
			isa = PBXGroup;
			children = (
				10D82DE42C30244900A989CB /* ShiftListView */,
				10D82DE52C30245000A989CB /* ShiftDetailView */,
			);
			path = Shift;
			sourceTree = "<group>";
		};
		10D82DE42C30244900A989CB /* ShiftListView */ = {
			isa = PBXGroup;
			children = (
				10D82DDE2C301F2100A989CB /* ShiftListViewModel.swift */,
				10D82DDC2C301F0A00A989CB /* ShiftListView.swift */,
			);
			path = ShiftListView;
			sourceTree = "<group>";
		};
		10D82DE52C30245000A989CB /* ShiftDetailView */ = {
			isa = PBXGroup;
			children = (
				10D82DEC2C302CC000A989CB /* ShiftDetailViewModel.swift */,
				10D82DE22C30244400A989CB /* ShiftDetailView.swift */,
			);
			path = ShiftDetailView;
			sourceTree = "<group>";
		};
		10D82DEE2C3037EA00A989CB /* WaiterDetailView */ = {
			isa = PBXGroup;
			children = (
				10D82DF12C30380900A989CB /* WaiterDetailViewModel.swift */,
				10D82DEF2C3037FE00A989CB /* WaiterDetailView.swift */,
			);
			path = WaiterDetailView;
			sourceTree = "<group>";
		};
		10D82DF32C303C8400A989CB /* WiaterOrderListView */ = {
			isa = PBXGroup;
			children = (
				10D82DF62C303D2900A989CB /* WaiterOrderListModel.swift */,
				10D82DF42C303C9300A989CB /* WaiterOrderListView.swift */,
				10D82DF82C303E0300A989CB /* WaiterOrderListRow.swift */,
			);
			path = WiaterOrderListView;
			sourceTree = "<group>";
		};
		10D82DFA2C30400D00A989CB /* WaiterOrderDetailView */ = {
			isa = PBXGroup;
			children = (
				10D82DFD2C30403D00A989CB /* WaiterOrderDetailModel.swift */,
				10D82DFB2C30401A00A989CB /* WaiterOrderDetailView.swift */,
			);
			path = WaiterOrderDetailView;
			sourceTree = "<group>";
		};
		10D82DFF2C30423500A989CB /* OrderStatusListView */ = {
			isa = PBXGroup;
			children = (
				10D82E002C30424600A989CB /* OrderStatusListView.swift */,
			);
			path = OrderStatusListView;
			sourceTree = "<group>";
		};
		10D82E022C304A3900A989CB /* AdminDeskListView */ = {
			isa = PBXGroup;
			children = (
				10D82E052C304AD300A989CB /* AdminDeskListModel.swift */,
				10D82E032C304A4D00A989CB /* AdminDeskListView.swift */,
			);
			path = AdminDeskListView;
			sourceTree = "<group>";
		};
/* End PBXGroup section */

/* Begin PBXNativeTarget section */
		10C56BF12C2F1882009A58B7 /* MobileRestaurant */ = {
			isa = PBXNativeTarget;
			buildConfigurationList = 10C56C002C2F1884009A58B7 /* Build configuration list for PBXNativeTarget "MobileRestaurant" */;
			buildPhases = (
				10C56BEE2C2F1882009A58B7 /* Sources */,
				10C56BEF2C2F1882009A58B7 /* Frameworks */,
				10C56BF02C2F1882009A58B7 /* Resources */,
			);
			buildRules = (
			);
			dependencies = (
			);
			name = MobileRestaurant;
			productName = MobileRestaurant;
			productReference = 10C56BF22C2F1882009A58B7 /* MobileRestaurant.app */;
			productType = "com.apple.product-type.application";
		};
/* End PBXNativeTarget section */

/* Begin PBXProject section */
		10C56BEA2C2F1882009A58B7 /* Project object */ = {
			isa = PBXProject;
			attributes = {
				BuildIndependentTargetsInParallel = 1;
				LastSwiftUpdateCheck = 1530;
				LastUpgradeCheck = 1530;
				TargetAttributes = {
					10C56BF12C2F1882009A58B7 = {
						CreatedOnToolsVersion = 15.3;
					};
				};
			};
			buildConfigurationList = 10C56BED2C2F1882009A58B7 /* Build configuration list for PBXProject "MobileRestaurant" */;
			compatibilityVersion = "Xcode 14.0";
			developmentRegion = en;
			hasScannedForEncodings = 0;
			knownRegions = (
				en,
				Base,
			);
			mainGroup = 10C56BE92C2F1882009A58B7;
			productRefGroup = 10C56BF32C2F1882009A58B7 /* Products */;
			projectDirPath = "";
			projectRoot = "";
			targets = (
				10C56BF12C2F1882009A58B7 /* MobileRestaurant */,
			);
		};
/* End PBXProject section */

/* Begin PBXResourcesBuildPhase section */
		10C56BF02C2F1882009A58B7 /* Resources */ = {
			isa = PBXResourcesBuildPhase;
			buildActionMask = 2147483647;
			files = (
				10D82DD82C30171200A989CB /* Launch Screen.storyboard in Resources */,
				10C56BFD2C2F1884009A58B7 /* Preview Assets.xcassets in Resources */,
				10C56BFA2C2F1884009A58B7 /* Assets.xcassets in Resources */,
			);
			runOnlyForDeploymentPostprocessing = 0;
		};
/* End PBXResourcesBuildPhase section */

/* Begin PBXSourcesBuildPhase section */
		10C56BEE2C2F1882009A58B7 /* Sources */ = {
			isa = PBXSourcesBuildPhase;
			buildActionMask = 2147483647;
			files = (
				10D82DD22C3010A800A989CB /* OrderPayType.swift in Sources */,
				10C56C212C2F30AF009A58B7 /* BottomOrderView.swift in Sources */,
				10C56C282C2F349D009A58B7 /* OrderView.swift in Sources */,
				10C56C1E2C2F2B9D009A58B7 /* ClientOrderListModel.swift in Sources */,
				10D82DDA2C301E1000A989CB /* Shift.swift in Sources */,
				10D82DCE2C30075A00A989CB /* OrderType.swift in Sources */,
				10C56C232C2F30E2009A58B7 /* BottomOrderViewModel.swift in Sources */,
				10C56C152C2F24E1009A58B7 /* ProductUnit.swift in Sources */,
				10C56BF82C2F1882009A58B7 /* MainView.swift in Sources */,
				10D82DAD2C2FE98E00A989CB /* Storage.swift in Sources */,
				10D82D9F2C2FD89600A989CB /* DeskListView.swift in Sources */,
				10D82E012C30424600A989CB /* OrderStatusListView.swift in Sources */,
				10D82DF72C303D2900A989CB /* WaiterOrderListModel.swift in Sources */,
				10C56C2E2C2F359A009A58B7 /* ProductListView.swift in Sources */,
				10C56C182C2F2AC5009A58B7 /* Order.swift in Sources */,
				10D82DD02C30108900A989CB /* CreateOrderPayView.swift in Sources */,
				10C56C402C2F4EFA009A58B7 /* AccountOrderListView.swift in Sources */,
				10C56C3A2C2F4C94009A58B7 /* AccountView.swift in Sources */,
				10D82D952C2FCFC900A989CB /* Waiter.swift in Sources */,
				10D82DED2C302CC000A989CB /* ShiftDetailViewModel.swift in Sources */,
				10C56C332C2F43D1009A58B7 /* OrderStatus.swift in Sources */,
				10D82DC42C2FFDEE00A989CB /* ClientOrderDetailModel.swift in Sources */,
				10D82DB52C2FF59800A989CB /* ConfirmCreateOrderView.swift in Sources */,
				10D82DDF2C301F2100A989CB /* ShiftListViewModel.swift in Sources */,
				10D82DC22C2FFDE700A989CB /* ClientOrderDetailView.swift in Sources */,
				10D82D9A2C2FD3C700A989CB /* ClientMenuOrderModel.swift in Sources */,
				10D82DEB2C30269700A989CB /* DeskListModel.swift in Sources */,
				10C56C3C2C2F4CF3009A58B7 /* AccountViewModel.swift in Sources */,
				10C56C1A2C2F2B11009A58B7 /* OrderItem.swift in Sources */,
				10D82DF52C303C9300A989CB /* WaiterOrderListView.swift in Sources */,
				10C56C312C2F3F3E009A58B7 /* OrderItemListView.swift in Sources */,
				10C56C1C2C2F2B8E009A58B7 /* ClientOrderListView.swift in Sources */,
				10D82DFE2C30403D00A989CB /* WaiterOrderDetailModel.swift in Sources */,
				10C56C422C2F5145009A58B7 /* OrderAccountStatus.swift in Sources */,
				10D82DA32C2FDDA100A989CB /* DeskCircleView.swift in Sources */,
				10D82DC82C2FFF3300A989CB /* OrderStatusView.swift in Sources */,
				10D82DCC2C30033E00A989CB /* CreateOrderModel.swift in Sources */,
				10D82DF02C3037FE00A989CB /* WaiterDetailView.swift in Sources */,
				10D82DB32C2FF20200A989CB /* NextButtonView.swift in Sources */,
				10C56C112C2F2179009A58B7 /* Menu.swift in Sources */,
				10D82E062C304AD300A989CB /* AdminDeskListModel.swift in Sources */,
				10D82DB72C2FF6DB00A989CB /* BottomActionView.swift in Sources */,
				10C56C0F2C2F1E6A009A58B7 /* Coordinator.swift in Sources */,
				10D82DDD2C301F0A00A989CB /* ShiftListView.swift in Sources */,
				10D82DE32C30244400A989CB /* ShiftDetailView.swift in Sources */,
				10C56C352C2F48A3009A58B7 /* OrderPayStatus.swift in Sources */,
				10D82DE12C30228E00A989CB /* CurrentShiftModel.swift in Sources */,
				10D82DA82C2FDF7A00A989CB /* CreateOrderView.swift in Sources */,
				10D82DF92C303E0300A989CB /* WaiterOrderListRow.swift in Sources */,
				10C56C372C2F4932009A58B7 /* ClientOrderListPayView.swift in Sources */,
				10C56C0A2C2F1D80009A58B7 /* ClientMenuListView.swift in Sources */,
				10D82DFC2C30401A00A989CB /* WaiterOrderDetailView.swift in Sources */,
				10D82E042C304A4D00A989CB /* AdminDeskListView.swift in Sources */,
				10C56BF62C2F1882009A58B7 /* MobileRestaurantApp.swift in Sources */,
				10D82D9C2C2FD5DE00A989CB /* Desk.swift in Sources */,
				10D82DC62C2FFEE200A989CB /* ClientOrderListRow.swift in Sources */,
				10C56C052C2F1C9E009A58B7 /* Product.swift in Sources */,
				10D82DD52C3015DC00A989CB /* Notifications.swift in Sources */,
				10C56C132C2F219A009A58B7 /* ProductCategory.swift in Sources */,
				10C56C2A2C2F34C1009A58B7 /* OrderViewModel.swift in Sources */,
				10D82DBE2C2FFD3000A989CB /* WaiterTableListView.swift in Sources */,
				10D82DE92C3025E900A989CB /* AppDelegate.swift in Sources */,
				10D82DF22C30380900A989CB /* WaiterDetailViewModel.swift in Sources */,
			);
			runOnlyForDeploymentPostprocessing = 0;
		};
/* End PBXSourcesBuildPhase section */

/* Begin XCBuildConfiguration section */
		10C56BFE2C2F1884009A58B7 /* Debug */ = {
			isa = XCBuildConfiguration;
			buildSettings = {
				ALWAYS_SEARCH_USER_PATHS = NO;
				ASSETCATALOG_COMPILER_GENERATE_SWIFT_ASSET_SYMBOL_EXTENSIONS = YES;
				CLANG_ANALYZER_NONNULL = YES;
				CLANG_ANALYZER_NUMBER_OBJECT_CONVERSION = YES_AGGRESSIVE;
				CLANG_CXX_LANGUAGE_STANDARD = "gnu++20";
				CLANG_ENABLE_MODULES = YES;
				CLANG_ENABLE_OBJC_ARC = YES;
				CLANG_ENABLE_OBJC_WEAK = YES;
				CLANG_WARN_BLOCK_CAPTURE_AUTORELEASING = YES;
				CLANG_WARN_BOOL_CONVERSION = YES;
				CLANG_WARN_COMMA = YES;
				CLANG_WARN_CONSTANT_CONVERSION = YES;
				CLANG_WARN_DEPRECATED_OBJC_IMPLEMENTATIONS = YES;
				CLANG_WARN_DIRECT_OBJC_ISA_USAGE = YES_ERROR;
				CLANG_WARN_DOCUMENTATION_COMMENTS = YES;
				CLANG_WARN_EMPTY_BODY = YES;
				CLANG_WARN_ENUM_CONVERSION = YES;
				CLANG_WARN_INFINITE_RECURSION = YES;
				CLANG_WARN_INT_CONVERSION = YES;
				CLANG_WARN_NON_LITERAL_NULL_CONVERSION = YES;
				CLANG_WARN_OBJC_IMPLICIT_RETAIN_SELF = YES;
				CLANG_WARN_OBJC_LITERAL_CONVERSION = YES;
				CLANG_WARN_OBJC_ROOT_CLASS = YES_ERROR;
				CLANG_WARN_QUOTED_INCLUDE_IN_FRAMEWORK_HEADER = YES;
				CLANG_WARN_RANGE_LOOP_ANALYSIS = YES;
				CLANG_WARN_STRICT_PROTOTYPES = YES;
				CLANG_WARN_SUSPICIOUS_MOVE = YES;
				CLANG_WARN_UNGUARDED_AVAILABILITY = YES_AGGRESSIVE;
				CLANG_WARN_UNREACHABLE_CODE = YES;
				CLANG_WARN__DUPLICATE_METHOD_MATCH = YES;
				COPY_PHASE_STRIP = NO;
				DEBUG_INFORMATION_FORMAT = dwarf;
				ENABLE_STRICT_OBJC_MSGSEND = YES;
				ENABLE_TESTABILITY = YES;
				ENABLE_USER_SCRIPT_SANDBOXING = YES;
				GCC_C_LANGUAGE_STANDARD = gnu17;
				GCC_DYNAMIC_NO_PIC = NO;
				GCC_NO_COMMON_BLOCKS = YES;
				GCC_OPTIMIZATION_LEVEL = 0;
				GCC_PREPROCESSOR_DEFINITIONS = (
					"DEBUG=1",
					"$(inherited)",
				);
				GCC_WARN_64_TO_32_BIT_CONVERSION = YES;
				GCC_WARN_ABOUT_RETURN_TYPE = YES_ERROR;
				GCC_WARN_UNDECLARED_SELECTOR = YES;
				GCC_WARN_UNINITIALIZED_AUTOS = YES_AGGRESSIVE;
				GCC_WARN_UNUSED_FUNCTION = YES;
				GCC_WARN_UNUSED_VARIABLE = YES;
				IPHONEOS_DEPLOYMENT_TARGET = 17.4;
				LOCALIZATION_PREFERS_STRING_CATALOGS = YES;
				MTL_ENABLE_DEBUG_INFO = INCLUDE_SOURCE;
				MTL_FAST_MATH = YES;
				ONLY_ACTIVE_ARCH = YES;
				SDKROOT = iphoneos;
				SWIFT_ACTIVE_COMPILATION_CONDITIONS = "DEBUG $(inherited)";
				SWIFT_OPTIMIZATION_LEVEL = "-Onone";
			};
			name = Debug;
		};
		10C56BFF2C2F1884009A58B7 /* Release */ = {
			isa = XCBuildConfiguration;
			buildSettings = {
				ALWAYS_SEARCH_USER_PATHS = NO;
				ASSETCATALOG_COMPILER_GENERATE_SWIFT_ASSET_SYMBOL_EXTENSIONS = YES;
				CLANG_ANALYZER_NONNULL = YES;
				CLANG_ANALYZER_NUMBER_OBJECT_CONVERSION = YES_AGGRESSIVE;
				CLANG_CXX_LANGUAGE_STANDARD = "gnu++20";
				CLANG_ENABLE_MODULES = YES;
				CLANG_ENABLE_OBJC_ARC = YES;
				CLANG_ENABLE_OBJC_WEAK = YES;
				CLANG_WARN_BLOCK_CAPTURE_AUTORELEASING = YES;
				CLANG_WARN_BOOL_CONVERSION = YES;
				CLANG_WARN_COMMA = YES;
				CLANG_WARN_CONSTANT_CONVERSION = YES;
				CLANG_WARN_DEPRECATED_OBJC_IMPLEMENTATIONS = YES;
				CLANG_WARN_DIRECT_OBJC_ISA_USAGE = YES_ERROR;
				CLANG_WARN_DOCUMENTATION_COMMENTS = YES;
				CLANG_WARN_EMPTY_BODY = YES;
				CLANG_WARN_ENUM_CONVERSION = YES;
				CLANG_WARN_INFINITE_RECURSION = YES;
				CLANG_WARN_INT_CONVERSION = YES;
				CLANG_WARN_NON_LITERAL_NULL_CONVERSION = YES;
				CLANG_WARN_OBJC_IMPLICIT_RETAIN_SELF = YES;
				CLANG_WARN_OBJC_LITERAL_CONVERSION = YES;
				CLANG_WARN_OBJC_ROOT_CLASS = YES_ERROR;
				CLANG_WARN_QUOTED_INCLUDE_IN_FRAMEWORK_HEADER = YES;
				CLANG_WARN_RANGE_LOOP_ANALYSIS = YES;
				CLANG_WARN_STRICT_PROTOTYPES = YES;
				CLANG_WARN_SUSPICIOUS_MOVE = YES;
				CLANG_WARN_UNGUARDED_AVAILABILITY = YES_AGGRESSIVE;
				CLANG_WARN_UNREACHABLE_CODE = YES;
				CLANG_WARN__DUPLICATE_METHOD_MATCH = YES;
				COPY_PHASE_STRIP = NO;
				DEBUG_INFORMATION_FORMAT = "dwarf-with-dsym";
				ENABLE_NS_ASSERTIONS = NO;
				ENABLE_STRICT_OBJC_MSGSEND = YES;
				ENABLE_USER_SCRIPT_SANDBOXING = YES;
				GCC_C_LANGUAGE_STANDARD = gnu17;
				GCC_NO_COMMON_BLOCKS = YES;
				GCC_WARN_64_TO_32_BIT_CONVERSION = YES;
				GCC_WARN_ABOUT_RETURN_TYPE = YES_ERROR;
				GCC_WARN_UNDECLARED_SELECTOR = YES;
				GCC_WARN_UNINITIALIZED_AUTOS = YES_AGGRESSIVE;
				GCC_WARN_UNUSED_FUNCTION = YES;
				GCC_WARN_UNUSED_VARIABLE = YES;
				IPHONEOS_DEPLOYMENT_TARGET = 17.4;
				LOCALIZATION_PREFERS_STRING_CATALOGS = YES;
				MTL_ENABLE_DEBUG_INFO = NO;
				MTL_FAST_MATH = YES;
				SDKROOT = iphoneos;
				SWIFT_COMPILATION_MODE = wholemodule;
				VALIDATE_PRODUCT = YES;
			};
			name = Release;
		};
		10C56C012C2F1884009A58B7 /* Debug */ = {
			isa = XCBuildConfiguration;
			buildSettings = {
				ASSETCATALOG_COMPILER_APPICON_NAME = AppIcon;
				ASSETCATALOG_COMPILER_GLOBAL_ACCENT_COLOR_NAME = AccentColor;
				CODE_SIGN_STYLE = Automatic;
				CURRENT_PROJECT_VERSION = 1;
				DEVELOPMENT_ASSET_PATHS = "\"MobileRestaurant/Preview Content\"";
				DEVELOPMENT_TEAM = KTV28US9SX;
				ENABLE_PREVIEWS = YES;
				GENERATE_INFOPLIST_FILE = YES;
				INFOPLIST_KEY_UIApplicationSceneManifest_Generation = YES;
				INFOPLIST_KEY_UIApplicationSupportsIndirectInputEvents = YES;
				INFOPLIST_KEY_UILaunchScreen_Generation = YES;
				INFOPLIST_KEY_UILaunchStoryboardName = "Launch Screen.storyboard";
				INFOPLIST_KEY_UISupportedInterfaceOrientations_iPad = "UIInterfaceOrientationPortrait UIInterfaceOrientationPortraitUpsideDown UIInterfaceOrientationLandscapeLeft UIInterfaceOrientationLandscapeRight";
				INFOPLIST_KEY_UISupportedInterfaceOrientations_iPhone = "UIInterfaceOrientationPortrait UIInterfaceOrientationLandscapeLeft UIInterfaceOrientationLandscapeRight";
				LD_RUNPATH_SEARCH_PATHS = (
					"$(inherited)",
					"@executable_path/Frameworks",
				);
				MARKETING_VERSION = 1.0;
				PRODUCT_BUNDLE_IDENTIFIER = com.sapgv.MobileRestaurant;
				PRODUCT_NAME = "$(TARGET_NAME)";
				SWIFT_EMIT_LOC_STRINGS = YES;
				SWIFT_VERSION = 5.0;
				TARGETED_DEVICE_FAMILY = "1,2";
			};
			name = Debug;
		};
		10C56C022C2F1884009A58B7 /* Release */ = {
			isa = XCBuildConfiguration;
			buildSettings = {
				ASSETCATALOG_COMPILER_APPICON_NAME = AppIcon;
				ASSETCATALOG_COMPILER_GLOBAL_ACCENT_COLOR_NAME = AccentColor;
				CODE_SIGN_STYLE = Automatic;
				CURRENT_PROJECT_VERSION = 1;
				DEVELOPMENT_ASSET_PATHS = "\"MobileRestaurant/Preview Content\"";
				DEVELOPMENT_TEAM = KTV28US9SX;
				ENABLE_PREVIEWS = YES;
				GENERATE_INFOPLIST_FILE = YES;
				INFOPLIST_KEY_UIApplicationSceneManifest_Generation = YES;
				INFOPLIST_KEY_UIApplicationSupportsIndirectInputEvents = YES;
				INFOPLIST_KEY_UILaunchScreen_Generation = YES;
				INFOPLIST_KEY_UILaunchStoryboardName = "Launch Screen.storyboard";
				INFOPLIST_KEY_UISupportedInterfaceOrientations_iPad = "UIInterfaceOrientationPortrait UIInterfaceOrientationPortraitUpsideDown UIInterfaceOrientationLandscapeLeft UIInterfaceOrientationLandscapeRight";
				INFOPLIST_KEY_UISupportedInterfaceOrientations_iPhone = "UIInterfaceOrientationPortrait UIInterfaceOrientationLandscapeLeft UIInterfaceOrientationLandscapeRight";
				LD_RUNPATH_SEARCH_PATHS = (
					"$(inherited)",
					"@executable_path/Frameworks",
				);
				MARKETING_VERSION = 1.0;
				PRODUCT_BUNDLE_IDENTIFIER = com.sapgv.MobileRestaurant;
				PRODUCT_NAME = "$(TARGET_NAME)";
				SWIFT_EMIT_LOC_STRINGS = YES;
				SWIFT_VERSION = 5.0;
				TARGETED_DEVICE_FAMILY = "1,2";
			};
			name = Release;
		};
/* End XCBuildConfiguration section */

/* Begin XCConfigurationList section */
		10C56BED2C2F1882009A58B7 /* Build configuration list for PBXProject "MobileRestaurant" */ = {
			isa = XCConfigurationList;
			buildConfigurations = (
				10C56BFE2C2F1884009A58B7 /* Debug */,
				10C56BFF2C2F1884009A58B7 /* Release */,
			);
			defaultConfigurationIsVisible = 0;
			defaultConfigurationName = Release;
		};
		10C56C002C2F1884009A58B7 /* Build configuration list for PBXNativeTarget "MobileRestaurant" */ = {
			isa = XCConfigurationList;
			buildConfigurations = (
				10C56C012C2F1884009A58B7 /* Debug */,
				10C56C022C2F1884009A58B7 /* Release */,
			);
			defaultConfigurationIsVisible = 0;
			defaultConfigurationName = Release;
		};
/* End XCConfigurationList section */
	};
	rootObject = 10C56BEA2C2F1882009A58B7 /* Project object */;
}
